{
  "name": "nakamaninja",
  "version": "1.0.0",
  "lockfileVersion": 2,
  "requires": true,
  "packages": {
    "": {
      "name": "nakamaninja",
      "version": "1.0.0",
      "license": "ISC",
      "dependencies": {
        "nakama-runtime": "github:heroiclabs/nakama-common"
      },
      "devDependencies": {
        "typescript": "^4.8.3"
      }
    },
    "node_modules/nakama-runtime": {
      "version": "1.10.0",
      "resolved": "git+ssh://git@github.com/heroiclabs/nakama-common.git#3f8026e3577d7737d61daf44f94a9171833264f6",
      "license": "Apache-2.0"
    },
    "node_modules/typescript": {
      "version": "4.8.3",
      "resolved": "https://registry.npmjs.org/typescript/-/typescript-4.8.3.tgz",
      "integrity": "sha512-goMHfm00nWPa8UvR/CPSvykqf6dVV8x/dp0c5mFTMTIu0u0FlGWRioyy7Nn0PGAdHxpJZnuO/ut+PpQ8UiHAig==",
      "dev": true,
      "bin": {
        "tsc": "bin/tsc",
        "tsserver": "bin/tsserver"
      },
      "engines": {
        "node": ">=4.2.0"
      }
    }
  },
  "dependencies": {
    "nakama-runtime": {
      "version": "git+ssh://git@github.com/heroiclabs/nakama-common.git#3f8026e3577d7737d61daf44f94a9171833264f6",
      "from": "nakama-runtime@https://github.com/heroiclabs/nakama-common"
    },
    "typescript": {
      "version": "4.8.3",
      "resolved": "https://registry.npmjs.org/typescript/-/typescript-4.8.3.tgz",
      "integrity": "sha512-goMHfm00nWPa8UvR/CPSvykqf6dVV8x/dp0c5mFTMTIu0u0FlGWRioyy7Nn0PGAdHxpJZnuO/ut+PpQ8UiHAig==",
      "dev": true
    }
  }
}
